
Microsoft Visual Studio Solution File, Format Version 12.00
# Visual Studio Version 17
VisualStudioVersion = 17.5.33516.290
MinimumVisualStudioVersion = 10.0.40219.1
Project("{FAE04EC0-301F-11D3-BF4B-00C04F79EFBC}") = "pr1", "pr1.csproj", "{43F45090-1FF5-4F49-9AB3-D7DE95540A23}"
EndProject
Global
	GlobalSection(SolutionConfigurationPlatforms) = preSolution
		Debug|Any CPU = Debug|Any CPU
		Release|Any CPU = Release|Any CPU
	EndGlobalSection
	GlobalSection(ProjectConfigurationPlatforms) = postSolution
		{43F45090-1FF5-4F49-9AB3-D7DE95540A23}.Debug|Any CPU.ActiveCfg = Debug|Any CPU
		{43F45090-1FF5-4F49-9AB3-D7DE95540A23}.Debug|Any CPU.Build.0 = Debug|Any CPU
		{43F45090-1FF5-4F49-9AB3-D7DE95540A23}.Release|Any CPU.ActiveCfg = Release|Any CPU
		{43F45090-1FF5-4F49-9AB3-D7DE95540A23}.Release|Any CPU.Build.0 = Release|Any CPU
	EndGlobalSection
	GlobalSection(SolutionProperties) = preSolution
		HideSolutionNode = FALSE
	EndGlobalSection
	GlobalSection(ExtensibilityGlobals) = postSolution
		SolutionGuid = {9E1FC07F-6870-476B-BCA2-FB9E42691557}
	EndGlobalSection
EndGlobal
